<?xml version="1.0" encoding="utf-8"?>
<Project ToolsVersion="4.0" xmlns="http://schemas.microsoft.com/developer/msbuild/2003">
  <ItemGroup>
    <Filter Include="Quelldateien">
      <UniqueIdentifier>{4FC737F1-C7A5-4376-A066-2A32D752A2FF}</UniqueIdentifier>
      <Extensions>cpp;c;cc;cxx;def;odl;idl;hpj;bat;asm;asmx</Extensions>
    </Filter>
    <Filter Include="Headerdateien">
      <UniqueIdentifier>{93995380-89BD-4b04-88EB-625FBE52EBFB}</UniqueIdentifier>
      <Extensions>h;hpp;hxx;hm;inl;inc;xsd</Extensions>
    </Filter>
    <Filter Include="Ressourcendateien">
      <UniqueIdentifier>{67DA6AB6-F800-4c08-8B7A-83BB121AAD01}</UniqueIdentifier>
      <Extensions>rc;ico;cur;bmp;dlg;rc2;rct;bin;rgs;gif;jpg;jpeg;jpe;resx;tiff;tif;png;wav;mfcribbon-ms</Extensions>
    </Filter>
    <Filter Include="Headerdateien\InterpolationFunction">
      <UniqueIdentifier>{3dc43e0b-dc0a-4f42-ad1f-6cd432b4a234}</UniqueIdentifier>
    </Filter>
    <Filter Include="Quelldateien\InterpolationFunction">
      <UniqueIdentifier>{450f58dd-b92d-48c5-9073-309c82fe1c25}</UniqueIdentifier>
    </Filter>
    <Filter Include="SteeringBehavior">
      <UniqueIdentifier>{bb8cd4c7-e753-4f56-9626-50fbf0769483}</UniqueIdentifier>
    </Filter>
    <Filter Include="Knowledge">
      <UniqueIdentifier>{eb043791-4b93-4d65-93e1-9b24d60eae86}</UniqueIdentifier>
    </Filter>
    <Filter Include="Diagrams">
      <UniqueIdentifier>{5730c117-6aac-49b5-a066-f805270d8bfe}</UniqueIdentifier>
    </Filter>
    <Filter Include="NPC">
      <UniqueIdentifier>{68f1d5da-0dd9-4976-b3e3-d2a1e4696b9b}</UniqueIdentifier>
    </Filter>
  </ItemGroup>
  <ItemGroup>
    <ClInclude Include="Game.h">
      <Filter>Headerdateien</Filter>
    </ClInclude>
    <ClInclude Include="resource.h">
      <Filter>Headerdateien</Filter>
    </ClInclude>
    <ClInclude Include="targetver.h">
      <Filter>Headerdateien</Filter>
    </ClInclude>
    <ClInclude Include="GeoFigure.h">
      <Filter>Headerdateien</Filter>
    </ClInclude>
    <ClInclude Include="pch.h">
      <Filter>Headerdateien</Filter>
    </ClInclude>
    <ClInclude Include="Welt.h">
      <Filter>Headerdateien</Filter>
    </ClInclude>
    <ClInclude Include="Steuerung.h">
      <Filter>Headerdateien</Filter>
    </ClInclude>
    <ClInclude Include="PerlinNoise.h">
      <Filter>Headerdateien</Filter>
    </ClInclude>
    <ClInclude Include="Octave.h">
      <Filter>Headerdateien</Filter>
    </ClInclude>
    <ClInclude Include="InterpolationFunction.h">
      <Filter>Headerdateien\InterpolationFunction</Filter>
    </ClInclude>
    <ClInclude Include="LinearInterpolation.h">
      <Filter>Headerdateien\InterpolationFunction</Filter>
    </ClInclude>
    <ClInclude Include="FiveDegreeInterpolation.h">
      <Filter>Headerdateien\InterpolationFunction</Filter>
    </ClInclude>
    <ClInclude Include="ThreeDegreeInterpolation.h">
      <Filter>Headerdateien\InterpolationFunction</Filter>
    </ClInclude>
    <ClInclude Include="interpolation.h">
      <Filter>Headerdateien\InterpolationFunction</Filter>
    </ClInclude>
    <ClInclude Include="SteeringBehavior.h">
      <Filter>SteeringBehavior</Filter>
    </ClInclude>
    <ClInclude Include="SteeringBehaviorKinematicSEEK.h">
      <Filter>SteeringBehavior</Filter>
    </ClInclude>
    <ClInclude Include="SteeringBehaviorKinematicFLEE.h">
      <Filter>SteeringBehavior</Filter>
    </ClInclude>
    <ClInclude Include="Action.h">
      <Filter>Headerdateien</Filter>
    </ClInclude>
    <ClInclude Include="AIComponent.h">
      <Filter>Headerdateien</Filter>
    </ClInclude>
    <ClInclude Include="KnowledgePosition.h">
      <Filter>Knowledge</Filter>
    </ClInclude>
    <ClInclude Include="Knowledge.h">
      <Filter>Knowledge</Filter>
    </ClInclude>
    <ClInclude Include="Kinematics.h">
      <Filter>Headerdateien</Filter>
    </ClInclude>
    <ClInclude Include="Character.h">
      <Filter>Headerdateien</Filter>
    </ClInclude>
    <ClInclude Include="PlayerCharacter.h">
      <Filter>Headerdateien</Filter>
    </ClInclude>
    <ClInclude Include="NormalDistribution.h">
      <Filter>Headerdateien</Filter>
    </ClInclude>
    <ClInclude Include="KnowledgeCharacter.h">
      <Filter>Knowledge</Filter>
    </ClInclude>
    <ClInclude Include="Option.h">
      <Filter>Headerdateien</Filter>
    </ClInclude>
    <ClInclude Include="AvailableOptions.h">
      <Filter>Headerdateien</Filter>
    </ClInclude>
    <ClInclude Include="Npc.h">
      <Filter>NPC</Filter>
    </ClInclude>
    <ClInclude Include="RedNpc.h">
      <Filter>NPC</Filter>
    </ClInclude>
    <ClInclude Include="DefaultNpc.h">
      <Filter>NPC</Filter>
    </ClInclude>
    <ClInclude Include="SteeringBehaviorsInclude.h">
      <Filter>SteeringBehavior</Filter>
    </ClInclude>
    <ClInclude Include="SteeringForce.h">
      <Filter>SteeringBehavior</Filter>
    </ClInclude>
    <ClInclude Include="KnowledgesInclude.h">
      <Filter>Knowledge</Filter>
    </ClInclude>
    <ClInclude Include="NpcAIMode.h">
      <Filter>Headerdateien</Filter>
    </ClInclude>
  </ItemGroup>
  <ItemGroup>
    <ClCompile Include="Game.cpp">
      <Filter>Quelldateien</Filter>
    </ClCompile>
    <ClCompile Include="KIVorlage.cpp">
      <Filter>Quelldateien</Filter>
    </ClCompile>
    <ClCompile Include="GeoFigure.cpp">
      <Filter>Quelldateien</Filter>
    </ClCompile>
    <ClCompile Include="pch.cpp">
      <Filter>Quelldateien</Filter>
    </ClCompile>
    <ClCompile Include="Welt.cpp">
      <Filter>Quelldateien</Filter>
    </ClCompile>
    <ClCompile Include="Steuerung.cpp">
      <Filter>Quelldateien</Filter>
    </ClCompile>
    <ClCompile Include="PerlinNoise.cpp">
      <Filter>Quelldateien</Filter>
    </ClCompile>
    <ClCompile Include="Octave.cpp">
      <Filter>Quelldateien</Filter>
    </ClCompile>
    <ClCompile Include="FiveDegreeInterpolation.cpp">
      <Filter>Quelldateien\InterpolationFunction</Filter>
    </ClCompile>
    <ClCompile Include="LinearInterpolation.cpp">
      <Filter>Quelldateien\InterpolationFunction</Filter>
    </ClCompile>
    <ClCompile Include="ThreeDegreeInterpolation.cpp">
      <Filter>Quelldateien\InterpolationFunction</Filter>
    </ClCompile>
    <ClCompile Include="SteeringBehavior.cpp">
      <Filter>SteeringBehavior</Filter>
    </ClCompile>
    <ClCompile Include="SteeringBehaviorKinematicSEEK.cpp">
      <Filter>SteeringBehavior</Filter>
    </ClCompile>
    <ClCompile Include="SteeringBehaviorKinematicFLEE.cpp">
      <Filter>SteeringBehavior</Filter>
    </ClCompile>
    <ClCompile Include="Action.cpp">
      <Filter>Quelldateien</Filter>
    </ClCompile>
    <ClCompile Include="AIComponent.cpp">
      <Filter>Quelldateien</Filter>
    </ClCompile>
    <ClCompile Include="Knowledge.cpp">
      <Filter>Knowledge</Filter>
    </ClCompile>
    <ClCompile Include="KnowledgePosition.cpp">
      <Filter>Knowledge</Filter>
    </ClCompile>
    <ClCompile Include="Kinematics.cpp">
      <Filter>Quelldateien</Filter>
    </ClCompile>
    <ClCompile Include="Character.cpp">
      <Filter>Quelldateien</Filter>
    </ClCompile>
    <ClCompile Include="PlayerCharacter.cpp">
      <Filter>Quelldateien</Filter>
    </ClCompile>
    <ClCompile Include="NormalDistribution.cpp">
      <Filter>Quelldateien</Filter>
    </ClCompile>
    <ClCompile Include="KnowledgeCharacter.cpp">
      <Filter>Knowledge</Filter>
    </ClCompile>
    <ClCompile Include="Option.cpp">
      <Filter>Quelldateien</Filter>
    </ClCompile>
    <ClCompile Include="AvailableOptions.cpp">
      <Filter>Quelldateien</Filter>
    </ClCompile>
    <ClCompile Include="Npc.cpp">
      <Filter>NPC</Filter>
    </ClCompile>
    <ClCompile Include="RedNpc.cpp">
      <Filter>NPC</Filter>
    </ClCompile>
    <ClCompile Include="DefaultNpc.cpp">
      <Filter>NPC</Filter>
    </ClCompile>
  </ItemGroup>
  <ItemGroup>
    <None Include="res\VektoriaTest.ico">
      <Filter>Ressourcendateien</Filter>
    </None>
    <None Include="ClassDiagram1.cd">
      <Filter>Diagrams</Filter>
    </None>
  </ItemGroup>
  <ItemGroup>
    <ResourceCompile Include="KIVorlage.rc">
      <Filter>Ressourcendateien</Filter>
    </ResourceCompile>
  </ItemGroup>
</Project>